// !$*UTF8*$!
{
	archiveVersion = 1;
	classes = {
	};
	objectVersion = 46;
	objects = {

/* Begin PBXBuildFile section */
		6057EF651A55B08B001B803D /* Menu.swift in Sources */ = {isa = PBXBuildFile; fileRef = 6057EF641A55B08B001B803D /* Menu.swift */; };
		605ADA6A1A56FD2600B68587 /* NewMealTableViewController.swift in Sources */ = {isa = PBXBuildFile; fileRef = 605ADA691A56FD2600B68587 /* NewMealTableViewController.swift */; };
		605ADA6C1A57193600B68587 /* AddIngredientTableViewCell.swift in Sources */ = {isa = PBXBuildFile; fileRef = 605ADA6B1A57193600B68587 /* AddIngredientTableViewCell.swift */; };
		609E92A71A523B21007FB9C0 /* AppDelegate.swift in Sources */ = {isa = PBXBuildFile; fileRef = 609E92A61A523B21007FB9C0 /* AppDelegate.swift */; };
		609E92AC1A523B21007FB9C0 /* Main.storyboard in Resources */ = {isa = PBXBuildFile; fileRef = 609E92AA1A523B21007FB9C0 /* Main.storyboard */; };
		609E92AE1A523B21007FB9C0 /* Images.xcassets in Resources */ = {isa = PBXBuildFile; fileRef = 609E92AD1A523B21007FB9C0 /* Images.xcassets */; };
		609E92B11A523B21007FB9C0 /* LaunchScreen.xib in Resources */ = {isa = PBXBuildFile; fileRef = 609E92AF1A523B21007FB9C0 /* LaunchScreen.xib */; };
		609E92C71A523C1A007FB9C0 /* HomeTableViewController.swift in Sources */ = {isa = PBXBuildFile; fileRef = 609E92C61A523C1A007FB9C0 /* HomeTableViewController.swift */; };
		609E92C91A523F73007FB9C0 /* MenuTableViewCell.swift in Sources */ = {isa = PBXBuildFile; fileRef = 609E92C81A523F73007FB9C0 /* MenuTableViewCell.swift */; };
		609E92CB1A523F7F007FB9C0 /* MealTableViewCell.swift in Sources */ = {isa = PBXBuildFile; fileRef = 609E92CA1A523F7F007FB9C0 /* MealTableViewCell.swift */; };
		609E92D11A524AF4007FB9C0 /* MealTableViewController.swift in Sources */ = {isa = PBXBuildFile; fileRef = 609E92D01A524AF4007FB9C0 /* MealTableViewController.swift */; };
		609E92D31A524C0B007FB9C0 /* MenuTableViewController.swift in Sources */ = {isa = PBXBuildFile; fileRef = 609E92D21A524C0B007FB9C0 /* MenuTableViewController.swift */; };
		60C366241A559A3700FF8A41 /* Meal.swift in Sources */ = {isa = PBXBuildFile; fileRef = 60C366231A559A3700FF8A41 /* Meal.swift */; };
/* End PBXBuildFile section */

/* Begin PBXFileReference section */
		6057EF641A55B08B001B803D /* Menu.swift */ = {isa = PBXFileReference; fileEncoding = 4; lastKnownFileType = sourcecode.swift; path = Menu.swift; sourceTree = "<group>"; };
		605ADA691A56FD2600B68587 /* NewMealTableViewController.swift */ = {isa = PBXFileReference; fileEncoding = 4; lastKnownFileType = sourcecode.swift; path = NewMealTableViewController.swift; sourceTree = "<group>"; };
		605ADA6B1A57193600B68587 /* AddIngredientTableViewCell.swift */ = {isa = PBXFileReference; fileEncoding = 4; lastKnownFileType = sourcecode.swift; path = AddIngredientTableViewCell.swift; sourceTree = "<group>"; };
		609E92A11A523B21007FB9C0 /* GroceryGetter.app */ = {isa = PBXFileReference; explicitFileType = wrapper.application; includeInIndex = 0; path = GroceryGetter.app; sourceTree = BUILT_PRODUCTS_DIR; };
		609E92A51A523B21007FB9C0 /* Info.plist */ = {isa = PBXFileReference; lastKnownFileType = text.plist.xml; path = Info.plist; sourceTree = "<group>"; };
		609E92A61A523B21007FB9C0 /* AppDelegate.swift */ = {isa = PBXFileReference; lastKnownFileType = sourcecode.swift; path = AppDelegate.swift; sourceTree = "<group>"; };
		609E92AB1A523B21007FB9C0 /* Base */ = {isa = PBXFileReference; lastKnownFileType = file.storyboard; name = Base; path = Base.lproj/Main.storyboard; sourceTree = "<group>"; };
		609E92AD1A523B21007FB9C0 /* Images.xcassets */ = {isa = PBXFileReference; lastKnownFileType = folder.assetcatalog; path = Images.xcassets; sourceTree = "<group>"; };
		609E92B01A523B21007FB9C0 /* Base */ = {isa = PBXFileReference; lastKnownFileType = file.xib; name = Base; path = Base.lproj/LaunchScreen.xib; sourceTree = "<group>"; };
		609E92C61A523C1A007FB9C0 /* HomeTableViewController.swift */ = {isa = PBXFileReference; fileEncoding = 4; lastKnownFileType = sourcecode.swift; path = HomeTableViewController.swift; sourceTree = "<group>"; };
		609E92C81A523F73007FB9C0 /* MenuTableViewCell.swift */ = {isa = PBXFileReference; fileEncoding = 4; lastKnownFileType = sourcecode.swift; path = MenuTableViewCell.swift; sourceTree = "<group>"; };
		609E92CA1A523F7F007FB9C0 /* MealTableViewCell.swift */ = {isa = PBXFileReference; fileEncoding = 4; lastKnownFileType = sourcecode.swift; path = MealTableViewCell.swift; sourceTree = "<group>"; };
		609E92D01A524AF4007FB9C0 /* MealTableViewController.swift */ = {isa = PBXFileReference; fileEncoding = 4; lastKnownFileType = sourcecode.swift; path = MealTableViewController.swift; sourceTree = "<group>"; };
		609E92D21A524C0B007FB9C0 /* MenuTableViewController.swift */ = {isa = PBXFileReference; fileEncoding = 4; lastKnownFileType = sourcecode.swift; path = MenuTableViewController.swift; sourceTree = "<group>"; };
		60C366231A559A3700FF8A41 /* Meal.swift */ = {isa = PBXFileReference; fileEncoding = 4; lastKnownFileType = sourcecode.swift; path = Meal.swift; sourceTree = "<group>"; };
/* End PBXFileReference section */

/* Begin PBXFrameworksBuildPhase section */
		609E929E1A523B21007FB9C0 /* Frameworks */ = {
			isa = PBXFrameworksBuildPhase;
			buildActionMask = 2147483647;
			files = (
			);
			runOnlyForDeploymentPostprocessing = 0;
		};
/* End PBXFrameworksBuildPhase section */

/* Begin PBXGroup section */
		6068C1A51A573B05002A472E /* Model */ = {
			isa = PBXGroup;
			children = (
				60C366231A559A3700FF8A41 /* Meal.swift */,
				6057EF641A55B08B001B803D /* Menu.swift */,
			);
			name = Model;
			sourceTree = "<group>";
		};
		6068C1A61A573B2A002A472E /* Controllers */ = {
			isa = PBXGroup;
			children = (
				609E92C61A523C1A007FB9C0 /* HomeTableViewController.swift */,
				609E92D01A524AF4007FB9C0 /* MealTableViewController.swift */,
				609E92D21A524C0B007FB9C0 /* MenuTableViewController.swift */,
				605ADA691A56FD2600B68587 /* NewMealTableViewController.swift */,
			);
			name = Controllers;
			sourceTree = "<group>";
		};
		6068C1A71A573B3E002A472E /* Table Cells */ = {
			isa = PBXGroup;
			children = (
				609E92C81A523F73007FB9C0 /* MenuTableViewCell.swift */,
				609E92CA1A523F7F007FB9C0 /* MealTableViewCell.swift */,
				605ADA6B1A57193600B68587 /* AddIngredientTableViewCell.swift */,
			);
			name = "Table Cells";
			sourceTree = "<group>";
		};
		609E92981A523B21007FB9C0 = {
			isa = PBXGroup;
			children = (
				609E92A31A523B21007FB9C0 /* GroceryGetter */,
				609E92A21A523B21007FB9C0 /* Products */,
			);
			sourceTree = "<group>";
		};
		609E92A21A523B21007FB9C0 /* Products */ = {
			isa = PBXGroup;
			children = (
				609E92A11A523B21007FB9C0 /* GroceryGetter.app */,
			);
			name = Products;
			sourceTree = "<group>";
		};
		609E92A31A523B21007FB9C0 /* GroceryGetter */ = {
			isa = PBXGroup;
			children = (
				6068C1A71A573B3E002A472E /* Table Cells */,
				6068C1A61A573B2A002A472E /* Controllers */,
				6068C1A51A573B05002A472E /* Model */,
				609E92A61A523B21007FB9C0 /* AppDelegate.swift */,
				609E92AA1A523B21007FB9C0 /* Main.storyboard */,
				609E92AD1A523B21007FB9C0 /* Images.xcassets */,
				609E92AF1A523B21007FB9C0 /* LaunchScreen.xib */,
				609E92A41A523B21007FB9C0 /* Supporting Files */,
			);
			path = GroceryGetter;
			sourceTree = "<group>";
		};
		609E92A41A523B21007FB9C0 /* Supporting Files */ = {
			isa = PBXGroup;
			children = (
				609E92A51A523B21007FB9C0 /* Info.plist */,
			);
			name = "Supporting Files";
			sourceTree = "<group>";
		};
/* End PBXGroup section */

/* Begin PBXNativeTarget section */
		609E92A01A523B21007FB9C0 /* GroceryGetter */ = {
			isa = PBXNativeTarget;
			buildConfigurationList = 609E92C01A523B21007FB9C0 /* Build configuration list for PBXNativeTarget "GroceryGetter" */;
			buildPhases = (
				609E929D1A523B21007FB9C0 /* Sources */,
				609E929E1A523B21007FB9C0 /* Frameworks */,
				609E929F1A523B21007FB9C0 /* Resources */,
			);
			buildRules = (
			);
			dependencies = (
			);
			name = GroceryGetter;
			productName = GroceryGetter;
			productReference = 609E92A11A523B21007FB9C0 /* GroceryGetter.app */;
			productType = "com.apple.product-type.application";
		};
/* End PBXNativeTarget section */

/* Begin PBXProject section */
		609E92991A523B21007FB9C0 /* Project object */ = {
			isa = PBXProject;
			attributes = {
				LastUpgradeCheck = 0610;
				TargetAttributes = {
					609E92A01A523B21007FB9C0 = {
						CreatedOnToolsVersion = 6.1;
					};
				};
			};
			buildConfigurationList = 609E929C1A523B21007FB9C0 /* Build configuration list for PBXProject "GroceryGetter" */;
			compatibilityVersion = "Xcode 3.2";
			developmentRegion = English;
			hasScannedForEncodings = 0;
			knownRegions = (
				en,
				Base,
			);
			mainGroup = 609E92981A523B21007FB9C0;
			productRefGroup = 609E92A21A523B21007FB9C0 /* Products */;
			projectDirPath = "";
			projectRoot = "";
			targets = (
				609E92A01A523B21007FB9C0 /* GroceryGetter */,
			);
		};
/* End PBXProject section */

/* Begin PBXResourcesBuildPhase section */
		609E929F1A523B21007FB9C0 /* Resources */ = {
			isa = PBXResourcesBuildPhase;
			buildActionMask = 2147483647;
			files = (
				609E92AC1A523B21007FB9C0 /* Main.storyboard in Resources */,
				609E92B11A523B21007FB9C0 /* LaunchScreen.xib in Resources */,
				609E92AE1A523B21007FB9C0 /* Images.xcassets in Resources */,
			);
			runOnlyForDeploymentPostprocessing = 0;
		};
/* End PBXResourcesBuildPhase section */

/* Begin PBXSourcesBuildPhase section */
		609E929D1A523B21007FB9C0 /* Sources */ = {
			isa = PBXSourcesBuildPhase;
			buildActionMask = 2147483647;
			files = (
				609E92D11A524AF4007FB9C0 /* MealTableViewController.swift in Sources */,
				609E92CB1A523F7F007FB9C0 /* MealTableViewCell.swift in Sources */,
				6057EF651A55B08B001B803D /* Menu.swift in Sources */,
				60C366241A559A3700FF8A41 /* Meal.swift in Sources */,
				605ADA6C1A57193600B68587 /* AddIngredientTableViewCell.swift in Sources */,
				609E92D31A524C0B007FB9C0 /* MenuTableViewController.swift in Sources */,
				609E92C71A523C1A007FB9C0 /* HomeTableViewController.swift in Sources */,
				605ADA6A1A56FD2600B68587 /* NewMealTableViewController.swift in Sources */,
				609E92A71A523B21007FB9C0 /* AppDelegate.swift in Sources */,
				609E92C91A523F73007FB9C0 /* MenuTableViewCell.swift in Sources */,
			);
			runOnlyForDeploymentPostprocessing = 0;
		};
/* End PBXSourcesBuildPhase section */

/* Begin PBXVariantGroup section */
		609E92AA1A523B21007FB9C0 /* Main.storyboard */ = {
			isa = PBXVariantGroup;
			children = (
				609E92AB1A523B21007FB9C0 /* Base */,
			);
			name = Main.storyboard;
			sourceTree = "<group>";
		};
		609E92AF1A523B21007FB9C0 /* LaunchScreen.xib */ = {
			isa = PBXVariantGroup;
			children = (
				609E92B01A523B21007FB9C0 /* Base */,
			);
			name = LaunchScreen.xib;
			sourceTree = "<group>";
		};
/* End PBXVariantGroup section */

/* Begin XCBuildConfiguration section */
		609E92BE1A523B21007FB9C0 /* Debug */ = {
			isa = XCBuildConfiguration;
			buildSettings = {
				ALWAYS_SEARCH_USER_PATHS = NO;
				CLANG_CXX_LANGUAGE_STANDARD = "gnu++0x";
				CLANG_CXX_LIBRARY = "libc++";
				CLANG_ENABLE_MODULES = YES;
				CLANG_ENABLE_OBJC_ARC = YES;
				CLANG_WARN_BOOL_CONVERSION = YES;
				CLANG_WARN_CONSTANT_CONVERSION = YES;
				CLANG_WARN_DIRECT_OBJC_ISA_USAGE = YES_ERROR;
				CLANG_WARN_EMPTY_BODY = YES;
				CLANG_WARN_ENUM_CONVERSION = YES;
				CLANG_WARN_INT_CONVERSION = YES;
				CLANG_WARN_OBJC_ROOT_CLASS = YES_ERROR;
				CLANG_WARN_UNREACHABLE_CODE = YES;
				CLANG_WARN__DUPLICATE_METHOD_MATCH = YES;
				"CODE_SIGN_IDENTITY[sdk=iphoneos*]" = "iPhone Developer";
				COPY_PHASE_STRIP = NO;
				ENABLE_STRICT_OBJC_MSGSEND = YES;
				GCC_C_LANGUAGE_STANDARD = gnu99;
				GCC_DYNAMIC_NO_PIC = NO;
				GCC_OPTIMIZATION_LEVEL = 0;
				GCC_PREPROCESSOR_DEFINITIONS = (
					"DEBUG=1",
					"$(inherited)",
				);
				GCC_SYMBOLS_PRIVATE_EXTERN = NO;
				GCC_WARN_64_TO_32_BIT_CONVERSION = YES;
				GCC_WARN_ABOUT_RETURN_TYPE = YES_ERROR;
				GCC_WARN_UNDECLARED_SELECTOR = YES;
				GCC_WARN_UNINITIALIZED_AUTOS = YES_AGGRESSIVE;
				GCC_WARN_UNUSED_FUNCTION = YES;
				GCC_WARN_UNUSED_VARIABLE = YES;
				IPHONEOS_DEPLOYMENT_TARGET = 8.1;
				MTL_ENABLE_DEBUG_INFO = YES;
				ONLY_ACTIVE_ARCH = YES;
				SDKROOT = iphoneos;
				SWIFT_OPTIMIZATION_LEVEL = "-Onone";
				TARGETED_DEVICE_FAMILY = "1,2";
			};
			name = Debug;
		};
		609E92BF1A523B21007FB9C0 /* Release */ = {
			isa = XCBuildConfiguration;
			buildSettings = {
				ALWAYS_SEARCH_USER_PATHS = NO;
				CLANG_CXX_LANGUAGE_STANDARD = "gnu++0x";
				CLANG_CXX_LIBRARY = "libc++";
				CLANG_ENABLE_MODULES = YES;
				CLANG_ENABLE_OBJC_ARC = YES;
				CLANG_WARN_BOOL_CONVERSION = YES;
				CLANG_WARN_CONSTANT_CONVERSION = YES;
				CLANG_WARN_DIRECT_OBJC_ISA_USAGE = YES_ERROR;
				CLANG_WARN_EMPTY_BODY = YES;
				CLANG_WARN_ENUM_CONVERSION = YES;
				CLANG_WARN_INT_CONVERSION = YES;
				CLANG_WARN_OBJC_ROOT_CLASS = YES_ERROR;
				CLANG_WARN_UNREACHABLE_CODE = YES;
				CLANG_WARN__DUPLICATE_METHOD_MATCH = YES;
				"CODE_SIGN_IDENTITY[sdk=iphoneos*]" = "iPhone Developer";
				COPY_PHASE_STRIP = YES;
				ENABLE_NS_ASSERTIONS = NO;
				ENABLE_STRICT_OBJC_MSGSEND = YES;
				GCC_C_LANGUAGE_STANDARD = gnu99;
				GCC_WARN_64_TO_32_BIT_CONVERSION = YES;
				GCC_WARN_ABOUT_RETURN_TYPE = YES_ERROR;
				GCC_WARN_UNDECLARED_SELECTOR = YES;
				GCC_WARN_UNINITIALIZED_AUTOS = YES_AGGRESSIVE;
				GCC_WARN_UNUSED_FUNCTION = YES;
				GCC_WARN_UNUSED_VARIABLE = YES;
				IPHONEOS_DEPLOYMENT_TARGET = 8.1;
				MTL_ENABLE_DEBUG_INFO = NO;
				SDKROOT = iphoneos;
				TARGETED_DEVICE_FAMILY = "1,2";
				VALIDATE_PRODUCT = YES;
			};
			name = Release;
		};
		609E92C11A523B21007FB9C0 /* Debug */ = {
			isa = XCBuildConfiguration;
			buildSettings = {
				ASSETCATALOG_COMPILER_APPICON_NAME = AppIcon;
				INFOPLIST_FILE = GroceryGetter/Info.plist;
				LD_RUNPATH_SEARCH_PATHS = "$(inherited) @executable_path/Frameworks";
				PRODUCT_NAME = "$(TARGET_NAME)";
				PROVISIONING_PROFILE = "2eb4a6c5-ecbf-48e6-b105-7186f1e8861a";
			};
			name = Debug;
		};
		609E92C21A523B21007FB9C0 /* Release */ = {
			isa = XCBuildConfiguration;
			buildSettings = {
				ASSETCATALOG_COMPILER_APPICON_NAME = AppIcon;
				INFOPLIST_FILE = GroceryGetter/Info.plist;
				LD_RUNPATH_SEARCH_PATHS = "$(inherited) @executable_path/Frameworks";
				PRODUCT_NAME = "$(TARGET_NAME)";
				PROVISIONING_PROFILE = "2eb4a6c5-ecbf-48e6-b105-7186f1e8861a";
			};
			name = Release;
		};
/* End XCBuildConfiguration section */

/* Begin XCConfigurationList section */
		609E929C1A523B21007FB9C0 /* Build configuration list for PBXProject "GroceryGetter" */ = {
			isa = XCConfigurationList;
			buildConfigurations = (
				609E92BE1A523B21007FB9C0 /* Debug */,
				609E92BF1A523B21007FB9C0 /* Release */,
			);
			defaultConfigurationIsVisible = 0;
			defaultConfigurationName = Release;
		};
		609E92C01A523B21007FB9C0 /* Build configuration list for PBXNativeTarget "GroceryGetter" */ = {
			isa = XCConfigurationList;
			buildConfigurations = (
				609E92C11A523B21007FB9C0 /* Debug */,
				609E92C21A523B21007FB9C0 /* Release */,
			);
			defaultConfigurationIsVisible = 0;
			defaultConfigurationName = Release;
		};
/* End XCConfigurationList section */
	};
	rootObject = 609E92991A523B21007FB9C0 /* Project object */;
}
